# @generated by Move, please check-in and do not edit manually.

[move]
version = 2
manifest_digest = "25F2D77D7246797E0F7C9766409684603F89121FE994AE77261A0E05FA6D93F9"
deps_digest = "F8BBB0CCB2491CA29A3DF03D6F92277A4F3574266507ACD77214D37ECA3F3082"
dependencies = [
  { name = "Sui" },
]

[[move.package]]
name = "MoveStdlib"
source = { git = "https://github.com/MystenLabs/sui.git", rev = "framework/testnet", subdir = "crates/sui-framework/packages/move-stdlib" }

[[move.package]]
name = "Sui"
source = { git = "https://github.com/MystenLabs/sui.git", rev = "framework/testnet", subdir = "crates/sui-framework/packages/sui-framework" }

dependencies = [
  { name = "MoveStdlib" },
]

[move.toolchain-version]
compiler-version = "1.25.0"
edition = "legacy"
flavor = "sui"

[env]

[env.Testnet]
chain-id = "4c78adac"
original-published-id = "0x710ae3f610287e498459f4f04d887a0d1679204d6994a118ebf86de9884fdf59"
latest-published-id = "0x710ae3f610287e498459f4f04d887a0d1679204d6994a118ebf86de9884fdf59"
published-version = "1"

[env.Soumalya]
chain-id = "b3f81552"
original-published-id = "0x3cbbb4aee76f761890b9f6848709e3978b38660c9da62c2c112f85db07e3dc4d"
latest-published-id = "0x3cbbb4aee76f761890b9f6848709e3978b38660c9da62c2c112f85db07e3dc4d"
published-version = "1"
